
Microsoft Visual Studio Solution File, Format Version 12.00
# Visual Studio 15
Project("{FAE04EC0-301F-11D3-BF4B-00C04F79EFBC}") = "UnityEngine.UI", "UnityEngine.UI.csproj", "{F737EB0E-6786-0FB1-D78B-9C8101036351}"
EndProject
Project("{FAE04EC0-301F-11D3-BF4B-00C04F79EFBC}") = "Unity.RenderPipelines.Core.Runtime", "Unity.RenderPipelines.Core.Runtime.csproj", "{0336F39F-BDCE-99E1-D2CE-C665964A668A}"
EndProject
Project("{FAE04EC0-301F-11D3-BF4B-00C04F79EFBC}") = "UnityEngine.TestRunner", "UnityEngine.TestRunner.csproj", "{2779372A-D3E3-920A-34B1-7E162E2FA802}"
EndProject
Project("{FAE04EC0-301F-11D3-BF4B-00C04F79EFBC}") = "Unity.Mathematics", "Unity.Mathematics.csproj", "{0E082F35-E3C4-9DF1-BB96-9AF3F3D35C5F}"
EndProject
Project("{FAE04EC0-301F-11D3-BF4B-00C04F79EFBC}") = "Unity.InputSystem", "Unity.InputSystem.csproj", "{B11E6712-34BD-9091-B01C-B393D88002EC}"
EndProject
Project("{FAE04EC0-301F-11D3-BF4B-00C04F79EFBC}") = "Ink-Libraries", "Ink-Libraries.csproj", "{39D3A5EA-F644-3AF9-CC72-4665DF3E2D45}"
EndProject
Project("{FAE04EC0-301F-11D3-BF4B-00C04F79EFBC}") = "Unity.RenderPipelines.Universal.Runtime", "Unity.RenderPipelines.Universal.Runtime.csproj", "{F3ECD20D-D4E3-C6CD-8F98-CF78E00A0729}"
EndProject
Project("{FAE04EC0-301F-11D3-BF4B-00C04F79EFBC}") = "Unity.TextMeshPro", "Unity.TextMeshPro.csproj", "{2535A38D-5671-1EE8-65F1-A1A59B25345E}"
EndProject
Project("{FAE04EC0-301F-11D3-BF4B-00C04F79EFBC}") = "Cinemachine", "Cinemachine.csproj", "{85B32C87-3166-38F2-9C06-BA2FB401FD63}"
EndProject
Project("{FAE04EC0-301F-11D3-BF4B-00C04F79EFBC}") = "Unity.Timeline", "Unity.Timeline.csproj", "{62AEF842-7707-3341-E1BD-757C627C5E9B}"
EndProject
Project("{FAE04EC0-301F-11D3-BF4B-00C04F79EFBC}") = "Assembly-CSharp", "Assembly-CSharp.csproj", "{CE7C44C5-A157-8710-AA28-B3B3FA3E0590}"
EndProject
Project("{FAE04EC0-301F-11D3-BF4B-00C04F79EFBC}") = "Unity.RenderPipelines.Core.ShaderLibrary", "Unity.RenderPipelines.Core.ShaderLibrary.csproj", "{65EC3AD5-2123-A62C-1B76-2C530078F66A}"
EndProject
Project("{FAE04EC0-301F-11D3-BF4B-00C04F79EFBC}") = "Unity.RenderPipeline.Universal.ShaderLibrary", "Unity.RenderPipeline.Universal.ShaderLibrary.csproj", "{1FE41EBB-E2AC-851C-B13C-4311C062724E}"
EndProject
Project("{FAE04EC0-301F-11D3-BF4B-00C04F79EFBC}") = "Unity.RenderPipelines.Universal.Shaders", "Unity.RenderPipelines.Universal.Shaders.csproj", "{864CECB4-B48E-3796-AAC4-A55DE5F3E272}"
EndProject
Project("{FAE04EC0-301F-11D3-BF4B-00C04F79EFBC}") = "Unity.RenderPipelines.ShaderGraph.ShaderGraphLibrary", "Unity.RenderPipelines.ShaderGraph.ShaderGraphLibrary.csproj", "{66A821E0-99D5-EBDB-892A-7B75AB8C37EA}"
EndProject
Project("{FAE04EC0-301F-11D3-BF4B-00C04F79EFBC}") = "Unity.PlasticSCM.Editor", "Unity.PlasticSCM.Editor.csproj", "{F6D3D896-3F6A-F881-38E4-A1BB303EB8D2}"
EndProject
Project("{FAE04EC0-301F-11D3-BF4B-00C04F79EFBC}") = "Unity.ShaderGraph.Editor", "Unity.ShaderGraph.Editor.csproj", "{F060A3F2-FBAA-0A53-ACD5-E912D99AA159}"
EndProject
Project("{FAE04EC0-301F-11D3-BF4B-00C04F79EFBC}") = "Unity.VisualStudio.Editor", "Unity.VisualStudio.Editor.csproj", "{D859A363-D855-3AB4-F112-9B777D706FE5}"
EndProject
Project("{FAE04EC0-301F-11D3-BF4B-00C04F79EFBC}") = "Unity.Timeline.Editor", "Unity.Timeline.Editor.csproj", "{885F61BE-985B-DA42-061D-F7601EBB294F}"
EndProject
Project("{FAE04EC0-301F-11D3-BF4B-00C04F79EFBC}") = "com.unity.cinemachine.editor", "com.unity.cinemachine.editor.csproj", "{32B5DAE6-C919-7EB3-CCC7-5216EB1E3823}"
EndProject
Project("{FAE04EC0-301F-11D3-BF4B-00C04F79EFBC}") = "Unity.TextMeshPro.Editor", "Unity.TextMeshPro.Editor.csproj", "{37B92A8A-3D1C-E0B1-2E48-74FB29298DDD}"
EndProject
Project("{FAE04EC0-301F-11D3-BF4B-00C04F79EFBC}") = "Unity.CollabProxy.Editor", "Unity.CollabProxy.Editor.csproj", "{55786E39-EF46-660B-2D9D-591B67A09467}"
EndProject
Project("{FAE04EC0-301F-11D3-BF4B-00C04F79EFBC}") = "UnityEditor.TestRunner", "UnityEditor.TestRunner.csproj", "{38FA2C15-BD9F-3F1B-B753-FE9CE7863820}"
EndProject
Project("{FAE04EC0-301F-11D3-BF4B-00C04F79EFBC}") = "Unity.Rider.Editor", "Unity.Rider.Editor.csproj", "{EE5409E2-083C-8510-E7BC-18DC52FDE4FA}"
EndProject
Project("{FAE04EC0-301F-11D3-BF4B-00C04F79EFBC}") = "Unity.RenderPipelines.Universal.Editor", "Unity.RenderPipelines.Universal.Editor.csproj", "{654C41DA-31A8-D10E-4200-F819EB9469AA}"
EndProject
Project("{FAE04EC0-301F-11D3-BF4B-00C04F79EFBC}") = "Unity.Services.Core.Editor", "Unity.Services.Core.Editor.csproj", "{995C5CAC-A5BA-3C8B-A0F1-108A8B0222CF}"
EndProject
Project("{FAE04EC0-301F-11D3-BF4B-00C04F79EFBC}") = "InkEditor", "InkEditor.csproj", "{80DA1C5E-4EAA-B680-4F35-F589E07F061D}"
EndProject
Project("{FAE04EC0-301F-11D3-BF4B-00C04F79EFBC}") = "Unity.RenderPipelines.Core.Editor", "Unity.RenderPipelines.Core.Editor.csproj", "{00576ECB-47FA-1953-FE51-BC323BDC2B5C}"
EndProject
Project("{FAE04EC0-301F-11D3-BF4B-00C04F79EFBC}") = "Unity.Searcher.Editor", "Unity.Searcher.Editor.csproj", "{21859B2D-AFCB-81CB-8869-5C85B135BF29}"
EndProject
Project("{FAE04EC0-301F-11D3-BF4B-00C04F79EFBC}") = "Unity.VSCode.Editor", "Unity.VSCode.Editor.csproj", "{F01B074B-C8B7-4EEF-039D-C7FC2153DB6C}"
EndProject
Project("{FAE04EC0-301F-11D3-BF4B-00C04F79EFBC}") = "UnityEditor.UI", "UnityEditor.UI.csproj", "{E785C747-D76D-4658-7CFD-9A25D710A7B3}"
EndProject
Project("{FAE04EC0-301F-11D3-BF4B-00C04F79EFBC}") = "Unity.Mathematics.Editor", "Unity.Mathematics.Editor.csproj", "{6BB4700E-0FCC-F129-DAB3-8676984ADA02}"
EndProject
Project("{FAE04EC0-301F-11D3-BF4B-00C04F79EFBC}") = "Assembly-CSharp-Editor", "Assembly-CSharp-Editor.csproj", "{100B40FF-E701-7A73-EAB5-3DDA5A37FE03}"
EndProject
Project("{FAE04EC0-301F-11D3-BF4B-00C04F79EFBC}") = "Unity.ShaderGraph.Utilities", "Unity.ShaderGraph.Utilities.csproj", "{BE053C80-1981-85CD-D502-2E8027C5300C}"
EndProject
Global
	GlobalSection(SolutionConfigurationPlatforms) = preSolution
		Debug|Any CPU = Debug|Any CPU
		Release|Any CPU = Release|Any CPU
	EndGlobalSection
	GlobalSection(ProjectConfigurationPlatforms) = postSolution
		{F737EB0E-6786-0FB1-D78B-9C8101036351}.Debug|Any CPU.ActiveCfg = Debug|Any CPU
		{F737EB0E-6786-0FB1-D78B-9C8101036351}.Debug|Any CPU.Build.0 = Debug|Any CPU
		{F737EB0E-6786-0FB1-D78B-9C8101036351}.Release|Any CPU.ActiveCfg = Release|Any CPU
		{F737EB0E-6786-0FB1-D78B-9C8101036351}.Release|Any CPU.Build.0 = Release|Any CPU
		{0336F39F-BDCE-99E1-D2CE-C665964A668A}.Debug|Any CPU.ActiveCfg = Debug|Any CPU
		{0336F39F-BDCE-99E1-D2CE-C665964A668A}.Debug|Any CPU.Build.0 = Debug|Any CPU
		{0336F39F-BDCE-99E1-D2CE-C665964A668A}.Release|Any CPU.ActiveCfg = Release|Any CPU
		{0336F39F-BDCE-99E1-D2CE-C665964A668A}.Release|Any CPU.Build.0 = Release|Any CPU
		{2779372A-D3E3-920A-34B1-7E162E2FA802}.Debug|Any CPU.ActiveCfg = Debug|Any CPU
		{2779372A-D3E3-920A-34B1-7E162E2FA802}.Debug|Any CPU.Build.0 = Debug|Any CPU
		{2779372A-D3E3-920A-34B1-7E162E2FA802}.Release|Any CPU.ActiveCfg = Release|Any CPU
		{2779372A-D3E3-920A-34B1-7E162E2FA802}.Release|Any CPU.Build.0 = Release|Any CPU
		{0E082F35-E3C4-9DF1-BB96-9AF3F3D35C5F}.Debug|Any CPU.ActiveCfg = Debug|Any CPU
		{0E082F35-E3C4-9DF1-BB96-9AF3F3D35C5F}.Debug|Any CPU.Build.0 = Debug|Any CPU
		{0E082F35-E3C4-9DF1-BB96-9AF3F3D35C5F}.Release|Any CPU.ActiveCfg = Release|Any CPU
		{0E082F35-E3C4-9DF1-BB96-9AF3F3D35C5F}.Release|Any CPU.Build.0 = Release|Any CPU
		{B11E6712-34BD-9091-B01C-B393D88002EC}.Debug|Any CPU.ActiveCfg = Debug|Any CPU
		{B11E6712-34BD-9091-B01C-B393D88002EC}.Debug|Any CPU.Build.0 = Debug|Any CPU
		{B11E6712-34BD-9091-B01C-B393D88002EC}.Release|Any CPU.ActiveCfg = Release|Any CPU
		{B11E6712-34BD-9091-B01C-B393D88002EC}.Release|Any CPU.Build.0 = Release|Any CPU
		{39D3A5EA-F644-3AF9-CC72-4665DF3E2D45}.Debug|Any CPU.ActiveCfg = Debug|Any CPU
		{39D3A5EA-F644-3AF9-CC72-4665DF3E2D45}.Debug|Any CPU.Build.0 = Debug|Any CPU
		{39D3A5EA-F644-3AF9-CC72-4665DF3E2D45}.Release|Any CPU.ActiveCfg = Release|Any CPU
		{39D3A5EA-F644-3AF9-CC72-4665DF3E2D45}.Release|Any CPU.Build.0 = Release|Any CPU
		{F3ECD20D-D4E3-C6CD-8F98-CF78E00A0729}.Debug|Any CPU.ActiveCfg = Debug|Any CPU
		{F3ECD20D-D4E3-C6CD-8F98-CF78E00A0729}.Debug|Any CPU.Build.0 = Debug|Any CPU
		{F3ECD20D-D4E3-C6CD-8F98-CF78E00A0729}.Release|Any CPU.ActiveCfg = Release|Any CPU
		{F3ECD20D-D4E3-C6CD-8F98-CF78E00A0729}.Release|Any CPU.Build.0 = Release|Any CPU
		{2535A38D-5671-1EE8-65F1-A1A59B25345E}.Debug|Any CPU.ActiveCfg = Debug|Any CPU
		{2535A38D-5671-1EE8-65F1-A1A59B25345E}.Debug|Any CPU.Build.0 = Debug|Any CPU
		{2535A38D-5671-1EE8-65F1-A1A59B25345E}.Release|Any CPU.ActiveCfg = Release|Any CPU
		{2535A38D-5671-1EE8-65F1-A1A59B25345E}.Release|Any CPU.Build.0 = Release|Any CPU
		{85B32C87-3166-38F2-9C06-BA2FB401FD63}.Debug|Any CPU.ActiveCfg = Debug|Any CPU
		{85B32C87-3166-38F2-9C06-BA2FB401FD63}.Debug|Any CPU.Build.0 = Debug|Any CPU
		{85B32C87-3166-38F2-9C06-BA2FB401FD63}.Release|Any CPU.ActiveCfg = Release|Any CPU
		{85B32C87-3166-38F2-9C06-BA2FB401FD63}.Release|Any CPU.Build.0 = Release|Any CPU
		{62AEF842-7707-3341-E1BD-757C627C5E9B}.Debug|Any CPU.ActiveCfg = Debug|Any CPU
		{62AEF842-7707-3341-E1BD-757C627C5E9B}.Debug|Any CPU.Build.0 = Debug|Any CPU
		{62AEF842-7707-3341-E1BD-757C627C5E9B}.Release|Any CPU.ActiveCfg = Release|Any CPU
		{62AEF842-7707-3341-E1BD-757C627C5E9B}.Release|Any CPU.Build.0 = Release|Any CPU
		{CE7C44C5-A157-8710-AA28-B3B3FA3E0590}.Debug|Any CPU.ActiveCfg = Debug|Any CPU
		{CE7C44C5-A157-8710-AA28-B3B3FA3E0590}.Debug|Any CPU.Build.0 = Debug|Any CPU
		{CE7C44C5-A157-8710-AA28-B3B3FA3E0590}.Release|Any CPU.ActiveCfg = Release|Any CPU
		{CE7C44C5-A157-8710-AA28-B3B3FA3E0590}.Release|Any CPU.Build.0 = Release|Any CPU
		{65EC3AD5-2123-A62C-1B76-2C530078F66A}.Debug|Any CPU.ActiveCfg = Debug|Any CPU
		{65EC3AD5-2123-A62C-1B76-2C530078F66A}.Debug|Any CPU.Build.0 = Debug|Any CPU
		{65EC3AD5-2123-A62C-1B76-2C530078F66A}.Release|Any CPU.ActiveCfg = Release|Any CPU
		{65EC3AD5-2123-A62C-1B76-2C530078F66A}.Release|Any CPU.Build.0 = Release|Any CPU
		{1FE41EBB-E2AC-851C-B13C-4311C062724E}.Debug|Any CPU.ActiveCfg = Debug|Any CPU
		{1FE41EBB-E2AC-851C-B13C-4311C062724E}.Debug|Any CPU.Build.0 = Debug|Any CPU
		{1FE41EBB-E2AC-851C-B13C-4311C062724E}.Release|Any CPU.ActiveCfg = Release|Any CPU
		{1FE41EBB-E2AC-851C-B13C-4311C062724E}.Release|Any CPU.Build.0 = Release|Any CPU
		{864CECB4-B48E-3796-AAC4-A55DE5F3E272}.Debug|Any CPU.ActiveCfg = Debug|Any CPU
		{864CECB4-B48E-3796-AAC4-A55DE5F3E272}.Debug|Any CPU.Build.0 = Debug|Any CPU
		{864CECB4-B48E-3796-AAC4-A55DE5F3E272}.Release|Any CPU.ActiveCfg = Release|Any CPU
		{864CECB4-B48E-3796-AAC4-A55DE5F3E272}.Release|Any CPU.Build.0 = Release|Any CPU
		{66A821E0-99D5-EBDB-892A-7B75AB8C37EA}.Debug|Any CPU.ActiveCfg = Debug|Any CPU
		{66A821E0-99D5-EBDB-892A-7B75AB8C37EA}.Debug|Any CPU.Build.0 = Debug|Any CPU
		{66A821E0-99D5-EBDB-892A-7B75AB8C37EA}.Release|Any CPU.ActiveCfg = Release|Any CPU
		{66A821E0-99D5-EBDB-892A-7B75AB8C37EA}.Release|Any CPU.Build.0 = Release|Any CPU
		{F6D3D896-3F6A-F881-38E4-A1BB303EB8D2}.Debug|Any CPU.ActiveCfg = Debug|Any CPU
		{F6D3D896-3F6A-F881-38E4-A1BB303EB8D2}.Debug|Any CPU.Build.0 = Debug|Any CPU
		{F6D3D896-3F6A-F881-38E4-A1BB303EB8D2}.Release|Any CPU.ActiveCfg = Release|Any CPU
		{F6D3D896-3F6A-F881-38E4-A1BB303EB8D2}.Release|Any CPU.Build.0 = Release|Any CPU
		{F060A3F2-FBAA-0A53-ACD5-E912D99AA159}.Debug|Any CPU.ActiveCfg = Debug|Any CPU
		{F060A3F2-FBAA-0A53-ACD5-E912D99AA159}.Debug|Any CPU.Build.0 = Debug|Any CPU
		{F060A3F2-FBAA-0A53-ACD5-E912D99AA159}.Release|Any CPU.ActiveCfg = Release|Any CPU
		{F060A3F2-FBAA-0A53-ACD5-E912D99AA159}.Release|Any CPU.Build.0 = Release|Any CPU
		{D859A363-D855-3AB4-F112-9B777D706FE5}.Debug|Any CPU.ActiveCfg = Debug|Any CPU
		{D859A363-D855-3AB4-F112-9B777D706FE5}.Debug|Any CPU.Build.0 = Debug|Any CPU
		{D859A363-D855-3AB4-F112-9B777D706FE5}.Release|Any CPU.ActiveCfg = Release|Any CPU
		{D859A363-D855-3AB4-F112-9B777D706FE5}.Release|Any CPU.Build.0 = Release|Any CPU
		{885F61BE-985B-DA42-061D-F7601EBB294F}.Debug|Any CPU.ActiveCfg = Debug|Any CPU
		{885F61BE-985B-DA42-061D-F7601EBB294F}.Debug|Any CPU.Build.0 = Debug|Any CPU
		{885F61BE-985B-DA42-061D-F7601EBB294F}.Release|Any CPU.ActiveCfg = Release|Any CPU
		{885F61BE-985B-DA42-061D-F7601EBB294F}.Release|Any CPU.Build.0 = Release|Any CPU
		{32B5DAE6-C919-7EB3-CCC7-5216EB1E3823}.Debug|Any CPU.ActiveCfg = Debug|Any CPU
		{32B5DAE6-C919-7EB3-CCC7-5216EB1E3823}.Debug|Any CPU.Build.0 = Debug|Any CPU
		{32B5DAE6-C919-7EB3-CCC7-5216EB1E3823}.Release|Any CPU.ActiveCfg = Release|Any CPU
		{32B5DAE6-C919-7EB3-CCC7-5216EB1E3823}.Release|Any CPU.Build.0 = Release|Any CPU
		{37B92A8A-3D1C-E0B1-2E48-74FB29298DDD}.Debug|Any CPU.ActiveCfg = Debug|Any CPU
		{37B92A8A-3D1C-E0B1-2E48-74FB29298DDD}.Debug|Any CPU.Build.0 = Debug|Any CPU
		{37B92A8A-3D1C-E0B1-2E48-74FB29298DDD}.Release|Any CPU.ActiveCfg = Release|Any CPU
		{37B92A8A-3D1C-E0B1-2E48-74FB29298DDD}.Release|Any CPU.Build.0 = Release|Any CPU
		{55786E39-EF46-660B-2D9D-591B67A09467}.Debug|Any CPU.ActiveCfg = Debug|Any CPU
		{55786E39-EF46-660B-2D9D-591B67A09467}.Debug|Any CPU.Build.0 = Debug|Any CPU
		{55786E39-EF46-660B-2D9D-591B67A09467}.Release|Any CPU.ActiveCfg = Release|Any CPU
		{55786E39-EF46-660B-2D9D-591B67A09467}.Release|Any CPU.Build.0 = Release|Any CPU
		{38FA2C15-BD9F-3F1B-B753-FE9CE7863820}.Debug|Any CPU.ActiveCfg = Debug|Any CPU
		{38FA2C15-BD9F-3F1B-B753-FE9CE7863820}.Debug|Any CPU.Build.0 = Debug|Any CPU
		{38FA2C15-BD9F-3F1B-B753-FE9CE7863820}.Release|Any CPU.ActiveCfg = Release|Any CPU
		{38FA2C15-BD9F-3F1B-B753-FE9CE7863820}.Release|Any CPU.Build.0 = Release|Any CPU
		{EE5409E2-083C-8510-E7BC-18DC52FDE4FA}.Debug|Any CPU.ActiveCfg = Debug|Any CPU
		{EE5409E2-083C-8510-E7BC-18DC52FDE4FA}.Debug|Any CPU.Build.0 = Debug|Any CPU
		{EE5409E2-083C-8510-E7BC-18DC52FDE4FA}.Release|Any CPU.ActiveCfg = Release|Any CPU
		{EE5409E2-083C-8510-E7BC-18DC52FDE4FA}.Release|Any CPU.Build.0 = Release|Any CPU
		{654C41DA-31A8-D10E-4200-F819EB9469AA}.Debug|Any CPU.ActiveCfg = Debug|Any CPU
		{654C41DA-31A8-D10E-4200-F819EB9469AA}.Debug|Any CPU.Build.0 = Debug|Any CPU
		{654C41DA-31A8-D10E-4200-F819EB9469AA}.Release|Any CPU.ActiveCfg = Release|Any CPU
		{654C41DA-31A8-D10E-4200-F819EB9469AA}.Release|Any CPU.Build.0 = Release|Any CPU
		{995C5CAC-A5BA-3C8B-A0F1-108A8B0222CF}.Debug|Any CPU.ActiveCfg = Debug|Any CPU
		{995C5CAC-A5BA-3C8B-A0F1-108A8B0222CF}.Debug|Any CPU.Build.0 = Debug|Any CPU
		{995C5CAC-A5BA-3C8B-A0F1-108A8B0222CF}.Release|Any CPU.ActiveCfg = Release|Any CPU
		{995C5CAC-A5BA-3C8B-A0F1-108A8B0222CF}.Release|Any CPU.Build.0 = Release|Any CPU
		{80DA1C5E-4EAA-B680-4F35-F589E07F061D}.Debug|Any CPU.ActiveCfg = Debug|Any CPU
		{80DA1C5E-4EAA-B680-4F35-F589E07F061D}.Debug|Any CPU.Build.0 = Debug|Any CPU
		{80DA1C5E-4EAA-B680-4F35-F589E07F061D}.Release|Any CPU.ActiveCfg = Release|Any CPU
		{80DA1C5E-4EAA-B680-4F35-F589E07F061D}.Release|Any CPU.Build.0 = Release|Any CPU
		{00576ECB-47FA-1953-FE51-BC323BDC2B5C}.Debug|Any CPU.ActiveCfg = Debug|Any CPU
		{00576ECB-47FA-1953-FE51-BC323BDC2B5C}.Debug|Any CPU.Build.0 = Debug|Any CPU
		{00576ECB-47FA-1953-FE51-BC323BDC2B5C}.Release|Any CPU.ActiveCfg = Release|Any CPU
		{00576ECB-47FA-1953-FE51-BC323BDC2B5C}.Release|Any CPU.Build.0 = Release|Any CPU
		{21859B2D-AFCB-81CB-8869-5C85B135BF29}.Debug|Any CPU.ActiveCfg = Debug|Any CPU
		{21859B2D-AFCB-81CB-8869-5C85B135BF29}.Debug|Any CPU.Build.0 = Debug|Any CPU
		{21859B2D-AFCB-81CB-8869-5C85B135BF29}.Release|Any CPU.ActiveCfg = Release|Any CPU
		{21859B2D-AFCB-81CB-8869-5C85B135BF29}.Release|Any CPU.Build.0 = Release|Any CPU
		{F01B074B-C8B7-4EEF-039D-C7FC2153DB6C}.Debug|Any CPU.ActiveCfg = Debug|Any CPU
		{F01B074B-C8B7-4EEF-039D-C7FC2153DB6C}.Debug|Any CPU.Build.0 = Debug|Any CPU
		{F01B074B-C8B7-4EEF-039D-C7FC2153DB6C}.Release|Any CPU.ActiveCfg = Release|Any CPU
		{F01B074B-C8B7-4EEF-039D-C7FC2153DB6C}.Release|Any CPU.Build.0 = Release|Any CPU
		{E785C747-D76D-4658-7CFD-9A25D710A7B3}.Debug|Any CPU.ActiveCfg = Debug|Any CPU
		{E785C747-D76D-4658-7CFD-9A25D710A7B3}.Debug|Any CPU.Build.0 = Debug|Any CPU
		{E785C747-D76D-4658-7CFD-9A25D710A7B3}.Release|Any CPU.ActiveCfg = Release|Any CPU
		{E785C747-D76D-4658-7CFD-9A25D710A7B3}.Release|Any CPU.Build.0 = Release|Any CPU
		{6BB4700E-0FCC-F129-DAB3-8676984ADA02}.Debug|Any CPU.ActiveCfg = Debug|Any CPU
		{6BB4700E-0FCC-F129-DAB3-8676984ADA02}.Debug|Any CPU.Build.0 = Debug|Any CPU
		{6BB4700E-0FCC-F129-DAB3-8676984ADA02}.Release|Any CPU.ActiveCfg = Release|Any CPU
		{6BB4700E-0FCC-F129-DAB3-8676984ADA02}.Release|Any CPU.Build.0 = Release|Any CPU
		{100B40FF-E701-7A73-EAB5-3DDA5A37FE03}.Debug|Any CPU.ActiveCfg = Debug|Any CPU
		{100B40FF-E701-7A73-EAB5-3DDA5A37FE03}.Debug|Any CPU.Build.0 = Debug|Any CPU
		{100B40FF-E701-7A73-EAB5-3DDA5A37FE03}.Release|Any CPU.ActiveCfg = Release|Any CPU
		{100B40FF-E701-7A73-EAB5-3DDA5A37FE03}.Release|Any CPU.Build.0 = Release|Any CPU
		{BE053C80-1981-85CD-D502-2E8027C5300C}.Debug|Any CPU.ActiveCfg = Debug|Any CPU
		{BE053C80-1981-85CD-D502-2E8027C5300C}.Debug|Any CPU.Build.0 = Debug|Any CPU
		{BE053C80-1981-85CD-D502-2E8027C5300C}.Release|Any CPU.ActiveCfg = Release|Any CPU
		{BE053C80-1981-85CD-D502-2E8027C5300C}.Release|Any CPU.Build.0 = Release|Any CPU
	EndGlobalSection
	GlobalSection(SolutionProperties) = preSolution
		HideSolutionNode = FALSE
	EndGlobalSection
EndGlobal
